// !$*UTF8*$!
{
	archiveVersion = 1;
	classes = {
	};
	objectVersion = 46;
	objects = {

/* Begin PBXBuildFile section */
		5B1EEAEF1F1320DD008AE277 /* YXYBaseRequest.m in Sources */ = {isa = PBXBuildFile; fileRef = 5B1EEAEE1F1320DD008AE277 /* YXYBaseRequest.m */; };
		5B1EEAF21F13224B008AE277 /* YXYNetworkAgent.m in Sources */ = {isa = PBXBuildFile; fileRef = 5B1EEAF11F13224B008AE277 /* YXYNetworkAgent.m */; };
		5B1EEAF51F132300008AE277 /* YXYNetworkConfig.m in Sources */ = {isa = PBXBuildFile; fileRef = 5B1EEAF41F132300008AE277 /* YXYNetworkConfig.m */; };
		5B1EEAF81F132371008AE277 /* YXYBaseFilter.m in Sources */ = {isa = PBXBuildFile; fileRef = 5B1EEAF71F132371008AE277 /* YXYBaseFilter.m */; };
		5BD924CC1F131D1400E2EFCC /* main.m in Sources */ = {isa = PBXBuildFile; fileRef = 5BD924CB1F131D1400E2EFCC /* main.m */; };
		5BD924CF1F131D1400E2EFCC /* AppDelegate.m in Sources */ = {isa = PBXBuildFile; fileRef = 5BD924CE1F131D1400E2EFCC /* AppDelegate.m */; };
		5BD924D21F131D1400E2EFCC /* ViewController.m in Sources */ = {isa = PBXBuildFile; fileRef = 5BD924D11F131D1400E2EFCC /* ViewController.m */; };
		5BD924D51F131D1400E2EFCC /* Main.storyboard in Resources */ = {isa = PBXBuildFile; fileRef = 5BD924D31F131D1400E2EFCC /* Main.storyboard */; };
		5BD924D71F131D1400E2EFCC /* Assets.xcassets in Resources */ = {isa = PBXBuildFile; fileRef = 5BD924D61F131D1400E2EFCC /* Assets.xcassets */; };
		5BD924DA1F131D1400E2EFCC /* LaunchScreen.storyboard in Resources */ = {isa = PBXBuildFile; fileRef = 5BD924D81F131D1400E2EFCC /* LaunchScreen.storyboard */; };
		5BD924E51F131D1400E2EFCC /* YXYNetworkDemoTests.m in Sources */ = {isa = PBXBuildFile; fileRef = 5BD924E41F131D1400E2EFCC /* YXYNetworkDemoTests.m */; };
		5BD924F01F131D1400E2EFCC /* YXYNetworkDemoUITests.m in Sources */ = {isa = PBXBuildFile; fileRef = 5BD924EF1F131D1400E2EFCC /* YXYNetworkDemoUITests.m */; };
		660C6D4C82FD2A94F8C8C9BB /* libPods-YXYNetworkDemo.a in Frameworks */ = {isa = PBXBuildFile; fileRef = 75429D3472FFBC9CA2CE87C0 /* libPods-YXYNetworkDemo.a */; };
		BA89FA09B565DDA837CBFBBB /* libPods-YXYNetworkDemoTests.a in Frameworks */ = {isa = PBXBuildFile; fileRef = E7911CDFA3C025C81A5A64E3 /* libPods-YXYNetworkDemoTests.a */; };
		C4FE5BD6CA11D5ECBC241C9F /* libPods-YXYNetworkDemoUITests.a in Frameworks */ = {isa = PBXBuildFile; fileRef = AB1B511BD57C15C0D26CCB41 /* libPods-YXYNetworkDemoUITests.a */; };
/* End PBXBuildFile section */

/* Begin PBXContainerItemProxy section */
		5BD924E11F131D1400E2EFCC /* PBXContainerItemProxy */ = {
			isa = PBXContainerItemProxy;
			containerPortal = 5BD924BF1F131D1400E2EFCC /* Project object */;
			proxyType = 1;
			remoteGlobalIDString = 5BD924C61F131D1400E2EFCC;
			remoteInfo = YXYNetworkDemo;
		};
		5BD924EC1F131D1400E2EFCC /* PBXContainerItemProxy */ = {
			isa = PBXContainerItemProxy;
			containerPortal = 5BD924BF1F131D1400E2EFCC /* Project object */;
			proxyType = 1;
			remoteGlobalIDString = 5BD924C61F131D1400E2EFCC;
			remoteInfo = YXYNetworkDemo;
		};
/* End PBXContainerItemProxy section */

/* Begin PBXFileReference section */
		1A231E8A0F9245536064EBF2 /* Pods-YXYNetworkDemoTests.debug.xcconfig */ = {isa = PBXFileReference; includeInIndex = 1; lastKnownFileType = text.xcconfig; name = "Pods-YXYNetworkDemoTests.debug.xcconfig"; path = "Pods/Target Support Files/Pods-YXYNetworkDemoTests/Pods-YXYNetworkDemoTests.debug.xcconfig"; sourceTree = "<group>"; };
		2CC09CA717B586CBC9EBF9E6 /* Pods-YXYNetworkDemo.release.xcconfig */ = {isa = PBXFileReference; includeInIndex = 1; lastKnownFileType = text.xcconfig; name = "Pods-YXYNetworkDemo.release.xcconfig"; path = "Pods/Target Support Files/Pods-YXYNetworkDemo/Pods-YXYNetworkDemo.release.xcconfig"; sourceTree = "<group>"; };
		32DF4A347A22075211DDBFD2 /* Pods-YXYNetworkDemo.debug.xcconfig */ = {isa = PBXFileReference; includeInIndex = 1; lastKnownFileType = text.xcconfig; name = "Pods-YXYNetworkDemo.debug.xcconfig"; path = "Pods/Target Support Files/Pods-YXYNetworkDemo/Pods-YXYNetworkDemo.debug.xcconfig"; sourceTree = "<group>"; };
		5B1EEAED1F1320DD008AE277 /* YXYBaseRequest.h */ = {isa = PBXFileReference; fileEncoding = 4; lastKnownFileType = sourcecode.c.h; name = YXYBaseRequest.h; path = YXYNetwork/YXYBaseRequest.h; sourceTree = "<group>"; };
		5B1EEAEE1F1320DD008AE277 /* YXYBaseRequest.m */ = {isa = PBXFileReference; fileEncoding = 4; lastKnownFileType = sourcecode.c.objc; name = YXYBaseRequest.m; path = YXYNetwork/YXYBaseRequest.m; sourceTree = "<group>"; };
		5B1EEAF01F13224B008AE277 /* YXYNetworkAgent.h */ = {isa = PBXFileReference; fileEncoding = 4; lastKnownFileType = sourcecode.c.h; name = YXYNetworkAgent.h; path = YXYNetwork/YXYNetworkAgent.h; sourceTree = "<group>"; };
		5B1EEAF11F13224B008AE277 /* YXYNetworkAgent.m */ = {isa = PBXFileReference; fileEncoding = 4; lastKnownFileType = sourcecode.c.objc; name = YXYNetworkAgent.m; path = YXYNetwork/YXYNetworkAgent.m; sourceTree = "<group>"; };
		5B1EEAF31F132300008AE277 /* YXYNetworkConfig.h */ = {isa = PBXFileReference; fileEncoding = 4; lastKnownFileType = sourcecode.c.h; path = YXYNetworkConfig.h; sourceTree = "<group>"; };
		5B1EEAF41F132300008AE277 /* YXYNetworkConfig.m */ = {isa = PBXFileReference; fileEncoding = 4; lastKnownFileType = sourcecode.c.objc; path = YXYNetworkConfig.m; sourceTree = "<group>"; };
		5B1EEAF61F132371008AE277 /* YXYBaseFilter.h */ = {isa = PBXFileReference; fileEncoding = 4; lastKnownFileType = sourcecode.c.h; path = YXYBaseFilter.h; sourceTree = "<group>"; };
		5B1EEAF71F132371008AE277 /* YXYBaseFilter.m */ = {isa = PBXFileReference; fileEncoding = 4; lastKnownFileType = sourcecode.c.objc; path = YXYBaseFilter.m; sourceTree = "<group>"; };
		5BD924C71F131D1400E2EFCC /* YXYNetworkDemo.app */ = {isa = PBXFileReference; explicitFileType = wrapper.application; includeInIndex = 0; path = YXYNetworkDemo.app; sourceTree = BUILT_PRODUCTS_DIR; };
		5BD924CB1F131D1400E2EFCC /* main.m */ = {isa = PBXFileReference; lastKnownFileType = sourcecode.c.objc; path = main.m; sourceTree = "<group>"; };
		5BD924CD1F131D1400E2EFCC /* AppDelegate.h */ = {isa = PBXFileReference; lastKnownFileType = sourcecode.c.h; path = AppDelegate.h; sourceTree = "<group>"; };
		5BD924CE1F131D1400E2EFCC /* AppDelegate.m */ = {isa = PBXFileReference; lastKnownFileType = sourcecode.c.objc; path = AppDelegate.m; sourceTree = "<group>"; };
		5BD924D01F131D1400E2EFCC /* ViewController.h */ = {isa = PBXFileReference; lastKnownFileType = sourcecode.c.h; path = ViewController.h; sourceTree = "<group>"; };
		5BD924D11F131D1400E2EFCC /* ViewController.m */ = {isa = PBXFileReference; lastKnownFileType = sourcecode.c.objc; path = ViewController.m; sourceTree = "<group>"; };
		5BD924D41F131D1400E2EFCC /* Base */ = {isa = PBXFileReference; lastKnownFileType = file.storyboard; name = Base; path = Base.lproj/Main.storyboard; sourceTree = "<group>"; };
		5BD924D61F131D1400E2EFCC /* Assets.xcassets */ = {isa = PBXFileReference; lastKnownFileType = folder.assetcatalog; path = Assets.xcassets; sourceTree = "<group>"; };
		5BD924D91F131D1400E2EFCC /* Base */ = {isa = PBXFileReference; lastKnownFileType = file.storyboard; name = Base; path = Base.lproj/LaunchScreen.storyboard; sourceTree = "<group>"; };
		5BD924DB1F131D1400E2EFCC /* Info.plist */ = {isa = PBXFileReference; lastKnownFileType = text.plist.xml; path = Info.plist; sourceTree = "<group>"; };
		5BD924E01F131D1400E2EFCC /* YXYNetworkDemoTests.xctest */ = {isa = PBXFileReference; explicitFileType = wrapper.cfbundle; includeInIndex = 0; path = YXYNetworkDemoTests.xctest; sourceTree = BUILT_PRODUCTS_DIR; };
		5BD924E41F131D1400E2EFCC /* YXYNetworkDemoTests.m */ = {isa = PBXFileReference; lastKnownFileType = sourcecode.c.objc; path = YXYNetworkDemoTests.m; sourceTree = "<group>"; };
		5BD924E61F131D1400E2EFCC /* Info.plist */ = {isa = PBXFileReference; lastKnownFileType = text.plist.xml; path = Info.plist; sourceTree = "<group>"; };
		5BD924EB1F131D1400E2EFCC /* YXYNetworkDemoUITests.xctest */ = {isa = PBXFileReference; explicitFileType = wrapper.cfbundle; includeInIndex = 0; path = YXYNetworkDemoUITests.xctest; sourceTree = BUILT_PRODUCTS_DIR; };
		5BD924EF1F131D1400E2EFCC /* YXYNetworkDemoUITests.m */ = {isa = PBXFileReference; lastKnownFileType = sourcecode.c.objc; path = YXYNetworkDemoUITests.m; sourceTree = "<group>"; };
		5BD924F11F131D1400E2EFCC /* Info.plist */ = {isa = PBXFileReference; lastKnownFileType = text.plist.xml; path = Info.plist; sourceTree = "<group>"; };
		716439F96FB2736E06A7A97E /* Pods-YXYNetworkDemoUITests.release.xcconfig */ = {isa = PBXFileReference; includeInIndex = 1; lastKnownFileType = text.xcconfig; name = "Pods-YXYNetworkDemoUITests.release.xcconfig"; path = "Pods/Target Support Files/Pods-YXYNetworkDemoUITests/Pods-YXYNetworkDemoUITests.release.xcconfig"; sourceTree = "<group>"; };
		75429D3472FFBC9CA2CE87C0 /* libPods-YXYNetworkDemo.a */ = {isa = PBXFileReference; explicitFileType = archive.ar; includeInIndex = 0; path = "libPods-YXYNetworkDemo.a"; sourceTree = BUILT_PRODUCTS_DIR; };
		AB1B511BD57C15C0D26CCB41 /* libPods-YXYNetworkDemoUITests.a */ = {isa = PBXFileReference; explicitFileType = archive.ar; includeInIndex = 0; path = "libPods-YXYNetworkDemoUITests.a"; sourceTree = BUILT_PRODUCTS_DIR; };
		E7911CDFA3C025C81A5A64E3 /* libPods-YXYNetworkDemoTests.a */ = {isa = PBXFileReference; explicitFileType = archive.ar; includeInIndex = 0; path = "libPods-YXYNetworkDemoTests.a"; sourceTree = BUILT_PRODUCTS_DIR; };
		F13CB538D2C2A674965D2F58 /* Pods-YXYNetworkDemoUITests.debug.xcconfig */ = {isa = PBXFileReference; includeInIndex = 1; lastKnownFileType = text.xcconfig; name = "Pods-YXYNetworkDemoUITests.debug.xcconfig"; path = "Pods/Target Support Files/Pods-YXYNetworkDemoUITests/Pods-YXYNetworkDemoUITests.debug.xcconfig"; sourceTree = "<group>"; };
		F211DD387114DD590C2C0F5D /* Pods-YXYNetworkDemoTests.release.xcconfig */ = {isa = PBXFileReference; includeInIndex = 1; lastKnownFileType = text.xcconfig; name = "Pods-YXYNetworkDemoTests.release.xcconfig"; path = "Pods/Target Support Files/Pods-YXYNetworkDemoTests/Pods-YXYNetworkDemoTests.release.xcconfig"; sourceTree = "<group>"; };
/* End PBXFileReference section */

/* Begin PBXFrameworksBuildPhase section */
		5BD924C41F131D1400E2EFCC /* Frameworks */ = {
			isa = PBXFrameworksBuildPhase;
			buildActionMask = 2147483647;
			files = (
				660C6D4C82FD2A94F8C8C9BB /* libPods-YXYNetworkDemo.a in Frameworks */,
			);
			runOnlyForDeploymentPostprocessing = 0;
		};
		5BD924DD1F131D1400E2EFCC /* Frameworks */ = {
			isa = PBXFrameworksBuildPhase;
			buildActionMask = 2147483647;
			files = (
				BA89FA09B565DDA837CBFBBB /* libPods-YXYNetworkDemoTests.a in Frameworks */,
			);
			runOnlyForDeploymentPostprocessing = 0;
		};
		5BD924E81F131D1400E2EFCC /* Frameworks */ = {
			isa = PBXFrameworksBuildPhase;
			buildActionMask = 2147483647;
			files = (
				C4FE5BD6CA11D5ECBC241C9F /* libPods-YXYNetworkDemoUITests.a in Frameworks */,
			);
			runOnlyForDeploymentPostprocessing = 0;
		};
/* End PBXFrameworksBuildPhase section */

/* Begin PBXGroup section */
		54F58995A6066BA9653BA745 /* Pods */ = {
			isa = PBXGroup;
			children = (
				32DF4A347A22075211DDBFD2 /* Pods-YXYNetworkDemo.debug.xcconfig */,
				2CC09CA717B586CBC9EBF9E6 /* Pods-YXYNetworkDemo.release.xcconfig */,
				1A231E8A0F9245536064EBF2 /* Pods-YXYNetworkDemoTests.debug.xcconfig */,
				F211DD387114DD590C2C0F5D /* Pods-YXYNetworkDemoTests.release.xcconfig */,
				F13CB538D2C2A674965D2F58 /* Pods-YXYNetworkDemoUITests.debug.xcconfig */,
				716439F96FB2736E06A7A97E /* Pods-YXYNetworkDemoUITests.release.xcconfig */,
			);
			name = Pods;
			sourceTree = "<group>";
		};
		5B1EEAEC1F1320AA008AE277 /* YXYNetwork */ = {
			isa = PBXGroup;
			children = (
				5B1EEAED1F1320DD008AE277 /* YXYBaseRequest.h */,
				5B1EEAEE1F1320DD008AE277 /* YXYBaseRequest.m */,
				5B1EEAF01F13224B008AE277 /* YXYNetworkAgent.h */,
				5B1EEAF11F13224B008AE277 /* YXYNetworkAgent.m */,
				5B1EEAF31F132300008AE277 /* YXYNetworkConfig.h */,
				5B1EEAF41F132300008AE277 /* YXYNetworkConfig.m */,
			);
			name = YXYNetwork;
			sourceTree = "<group>";
		};
		5BD924BE1F131D1400E2EFCC = {
			isa = PBXGroup;
			children = (
				5BD924C91F131D1400E2EFCC /* YXYNetworkDemo */,
				5BD924E31F131D1400E2EFCC /* YXYNetworkDemoTests */,
				5BD924EE1F131D1400E2EFCC /* YXYNetworkDemoUITests */,
				5BD924C81F131D1400E2EFCC /* Products */,
				54F58995A6066BA9653BA745 /* Pods */,
				6F42D81C01098D1C267CCC32 /* Frameworks */,
			);
			sourceTree = "<group>";
		};
		5BD924C81F131D1400E2EFCC /* Products */ = {
			isa = PBXGroup;
			children = (
				5BD924C71F131D1400E2EFCC /* YXYNetworkDemo.app */,
				5BD924E01F131D1400E2EFCC /* YXYNetworkDemoTests.xctest */,
				5BD924EB1F131D1400E2EFCC /* YXYNetworkDemoUITests.xctest */,
			);
			name = Products;
			sourceTree = "<group>";
		};
		5BD924C91F131D1400E2EFCC /* YXYNetworkDemo */ = {
			isa = PBXGroup;
			children = (
				5BD924CD1F131D1400E2EFCC /* AppDelegate.h */,
				5BD924CE1F131D1400E2EFCC /* AppDelegate.m */,
				5BD924D01F131D1400E2EFCC /* ViewController.h */,
				5BD924D11F131D1400E2EFCC /* ViewController.m */,
				5B1EEAF61F132371008AE277 /* YXYBaseFilter.h */,
				5B1EEAF71F132371008AE277 /* YXYBaseFilter.m */,
				5BD924D31F131D1400E2EFCC /* Main.storyboard */,
				5BD924D61F131D1400E2EFCC /* Assets.xcassets */,
				5BD924D81F131D1400E2EFCC /* LaunchScreen.storyboard */,
				5BD924DB1F131D1400E2EFCC /* Info.plist */,
				5B1EEAEC1F1320AA008AE277 /* YXYNetwork */,
				5BD924CA1F131D1400E2EFCC /* Supporting Files */,
			);
			path = YXYNetworkDemo;
			sourceTree = "<group>";
		};
		5BD924CA1F131D1400E2EFCC /* Supporting Files */ = {
			isa = PBXGroup;
			children = (
				5BD924CB1F131D1400E2EFCC /* main.m */,
			);
			name = "Supporting Files";
			sourceTree = "<group>";
		};
		5BD924E31F131D1400E2EFCC /* YXYNetworkDemoTests */ = {
			isa = PBXGroup;
			children = (
				5BD924E41F131D1400E2EFCC /* YXYNetworkDemoTests.m */,
				5BD924E61F131D1400E2EFCC /* Info.plist */,
			);
			path = YXYNetworkDemoTests;
			sourceTree = "<group>";
		};
		5BD924EE1F131D1400E2EFCC /* YXYNetworkDemoUITests */ = {
			isa = PBXGroup;
			children = (
				5BD924EF1F131D1400E2EFCC /* YXYNetworkDemoUITests.m */,
				5BD924F11F131D1400E2EFCC /* Info.plist */,
			);
			path = YXYNetworkDemoUITests;
			sourceTree = "<group>";
		};
		6F42D81C01098D1C267CCC32 /* Frameworks */ = {
			isa = PBXGroup;
			children = (
				75429D3472FFBC9CA2CE87C0 /* libPods-YXYNetworkDemo.a */,
				E7911CDFA3C025C81A5A64E3 /* libPods-YXYNetworkDemoTests.a */,
				AB1B511BD57C15C0D26CCB41 /* libPods-YXYNetworkDemoUITests.a */,
			);
			name = Frameworks;
			sourceTree = "<group>";
		};
/* End PBXGroup section */

/* Begin PBXNativeTarget section */
		5BD924C61F131D1400E2EFCC /* YXYNetworkDemo */ = {
			isa = PBXNativeTarget;
			buildConfigurationList = 5BD924F41F131D1400E2EFCC /* Build configuration list for PBXNativeTarget "YXYNetworkDemo" */;
			buildPhases = (
				7E37001B5F702E20EDA79089 /* [CP] Check Pods Manifest.lock */,
				5BD924C31F131D1400E2EFCC /* Sources */,
				5BD924C41F131D1400E2EFCC /* Frameworks */,
				5BD924C51F131D1400E2EFCC /* Resources */,
				6CEDBC6F015A06F3DEA3BDF2 /* [CP] Embed Pods Frameworks */,
				01B72E273F413EFF74598EE5 /* [CP] Copy Pods Resources */,
			);
			buildRules = (
			);
			dependencies = (
			);
			name = YXYNetworkDemo;
			productName = YXYNetworkDemo;
			productReference = 5BD924C71F131D1400E2EFCC /* YXYNetworkDemo.app */;
			productType = "com.apple.product-type.application";
		};
		5BD924DF1F131D1400E2EFCC /* YXYNetworkDemoTests */ = {
			isa = PBXNativeTarget;
			buildConfigurationList = 5BD924F71F131D1400E2EFCC /* Build configuration list for PBXNativeTarget "YXYNetworkDemoTests" */;
			buildPhases = (
				00A135F4BB21A62B470B21EF /* [CP] Check Pods Manifest.lock */,
				5BD924DC1F131D1400E2EFCC /* Sources */,
				5BD924DD1F131D1400E2EFCC /* Frameworks */,
				5BD924DE1F131D1400E2EFCC /* Resources */,
				6E14064A6C478920DCF2A092 /* [CP] Embed Pods Frameworks */,
				4B46C9A0D0D5264D7D443A4F /* [CP] Copy Pods Resources */,
			);
			buildRules = (
			);
			dependencies = (
				5BD924E21F131D1400E2EFCC /* PBXTargetDependency */,
			);
			name = YXYNetworkDemoTests;
			productName = YXYNetworkDemoTests;
			productReference = 5BD924E01F131D1400E2EFCC /* YXYNetworkDemoTests.xctest */;
			productType = "com.apple.product-type.bundle.unit-test";
		};
		5BD924EA1F131D1400E2EFCC /* YXYNetworkDemoUITests */ = {
			isa = PBXNativeTarget;
			buildConfigurationList = 5BD924FA1F131D1400E2EFCC /* Build configuration list for PBXNativeTarget "YXYNetworkDemoUITests" */;
			buildPhases = (
				6659F57126E00ECF6D8ECF0F /* [CP] Check Pods Manifest.lock */,
				5BD924E71F131D1400E2EFCC /* Sources */,
				5BD924E81F131D1400E2EFCC /* Frameworks */,
				5BD924E91F131D1400E2EFCC /* Resources */,
				0F73B758B420CB5ED7C1A272 /* [CP] Embed Pods Frameworks */,
				FB5C950D89613C06130FEFE3 /* [CP] Copy Pods Resources */,
			);
			buildRules = (
			);
			dependencies = (
				5BD924ED1F131D1400E2EFCC /* PBXTargetDependency */,
			);
			name = YXYNetworkDemoUITests;
			productName = YXYNetworkDemoUITests;
			productReference = 5BD924EB1F131D1400E2EFCC /* YXYNetworkDemoUITests.xctest */;
			productType = "com.apple.product-type.bundle.ui-testing";
		};
/* End PBXNativeTarget section */

/* Begin PBXProject section */
		5BD924BF1F131D1400E2EFCC /* Project object */ = {
			isa = PBXProject;
			attributes = {
				LastUpgradeCheck = 0830;
				ORGANIZATIONNAME = CSCW;
				TargetAttributes = {
					5BD924C61F131D1400E2EFCC = {
						CreatedOnToolsVersion = 8.3.3;
						DevelopmentTeam = 55F5T35K6E;
						ProvisioningStyle = Automatic;
					};
					5BD924DF1F131D1400E2EFCC = {
						CreatedOnToolsVersion = 8.3.3;
						DevelopmentTeam = 55F5T35K6E;
						ProvisioningStyle = Automatic;
						TestTargetID = 5BD924C61F131D1400E2EFCC;
					};
					5BD924EA1F131D1400E2EFCC = {
						CreatedOnToolsVersion = 8.3.3;
						DevelopmentTeam = 55F5T35K6E;
						ProvisioningStyle = Automatic;
						TestTargetID = 5BD924C61F131D1400E2EFCC;
					};
				};
			};
			buildConfigurationList = 5BD924C21F131D1400E2EFCC /* Build configuration list for PBXProject "YXYNetworkDemo" */;
			compatibilityVersion = "Xcode 3.2";
			developmentRegion = English;
			hasScannedForEncodings = 0;
			knownRegions = (
				en,
				Base,
			);
			mainGroup = 5BD924BE1F131D1400E2EFCC;
			productRefGroup = 5BD924C81F131D1400E2EFCC /* Products */;
			projectDirPath = "";
			projectRoot = "";
			targets = (
				5BD924C61F131D1400E2EFCC /* YXYNetworkDemo */,
				5BD924DF1F131D1400E2EFCC /* YXYNetworkDemoTests */,
				5BD924EA1F131D1400E2EFCC /* YXYNetworkDemoUITests */,
			);
		};
/* End PBXProject section */

/* Begin PBXResourcesBuildPhase section */
		5BD924C51F131D1400E2EFCC /* Resources */ = {
			isa = PBXResourcesBuildPhase;
			buildActionMask = 2147483647;
			files = (
				5BD924DA1F131D1400E2EFCC /* LaunchScreen.storyboard in Resources */,
				5BD924D71F131D1400E2EFCC /* Assets.xcassets in Resources */,
				5BD924D51F131D1400E2EFCC /* Main.storyboard in Resources */,
			);
			runOnlyForDeploymentPostprocessing = 0;
		};
		5BD924DE1F131D1400E2EFCC /* Resources */ = {
			isa = PBXResourcesBuildPhase;
			buildActionMask = 2147483647;
			files = (
			);
			runOnlyForDeploymentPostprocessing = 0;
		};
		5BD924E91F131D1400E2EFCC /* Resources */ = {
			isa = PBXResourcesBuildPhase;
			buildActionMask = 2147483647;
			files = (
			);
			runOnlyForDeploymentPostprocessing = 0;
		};
/* End PBXResourcesBuildPhase section */

/* Begin PBXShellScriptBuildPhase section */
		00A135F4BB21A62B470B21EF /* [CP] Check Pods Manifest.lock */ = {
			isa = PBXShellScriptBuildPhase;
			buildActionMask = 2147483647;
			files = (
			);
			inputPaths = (
			);
			name = "[CP] Check Pods Manifest.lock";
			outputPaths = (
			);
			runOnlyForDeploymentPostprocessing = 0;
			shellPath = /bin/sh;
			shellScript = "diff \"${PODS_ROOT}/../Podfile.lock\" \"${PODS_ROOT}/Manifest.lock\" > /dev/null\nif [ $? != 0 ] ; then\n    # print error to STDERR\n    echo \"error: The sandbox is not in sync with the Podfile.lock. Run 'pod install' or update your CocoaPods installation.\" >&2\n    exit 1\nfi\n";
			showEnvVarsInLog = 0;
		};
		01B72E273F413EFF74598EE5 /* [CP] Copy Pods Resources */ = {
			isa = PBXShellScriptBuildPhase;
			buildActionMask = 2147483647;
			files = (
			);
			inputPaths = (
			);
			name = "[CP] Copy Pods Resources";
			outputPaths = (
			);
			runOnlyForDeploymentPostprocessing = 0;
			shellPath = /bin/sh;
			shellScript = "\"${SRCROOT}/Pods/Target Support Files/Pods-YXYNetworkDemo/Pods-YXYNetworkDemo-resources.sh\"\n";
			showEnvVarsInLog = 0;
		};
		0F73B758B420CB5ED7C1A272 /* [CP] Embed Pods Frameworks */ = {
			isa = PBXShellScriptBuildPhase;
			buildActionMask = 2147483647;
			files = (
			);
			inputPaths = (
			);
			name = "[CP] Embed Pods Frameworks";
			outputPaths = (
			);
			runOnlyForDeploymentPostprocessing = 0;
			shellPath = /bin/sh;
			shellScript = "\"${SRCROOT}/Pods/Target Support Files/Pods-YXYNetworkDemoUITests/Pods-YXYNetworkDemoUITests-frameworks.sh\"\n";
			showEnvVarsInLog = 0;
		};
		4B46C9A0D0D5264D7D443A4F /* [CP] Copy Pods Resources */ = {
			isa = PBXShellScriptBuildPhase;
			buildActionMask = 2147483647;
			files = (
			);
			inputPaths = (
			);
			name = "[CP] Copy Pods Resources";
			outputPaths = (
			);
			runOnlyForDeploymentPostprocessing = 0;
			shellPath = /bin/sh;
			shellScript = "\"${SRCROOT}/Pods/Target Support Files/Pods-YXYNetworkDemoTests/Pods-YXYNetworkDemoTests-resources.sh\"\n";
			showEnvVarsInLog = 0;
		};
		6659F57126E00ECF6D8ECF0F /* [CP] Check Pods Manifest.lock */ = {
			isa = PBXShellScriptBuildPhase;
			buildActionMask = 2147483647;
			files = (
			);
			inputPaths = (
			);
			name = "[CP] Check Pods Manifest.lock";
			outputPaths = (
			);
			runOnlyForDeploymentPostprocessing = 0;
			shellPath = /bin/sh;
			shellScript = "diff \"${PODS_ROOT}/../Podfile.lock\" \"${PODS_ROOT}/Manifest.lock\" > /dev/null\nif [ $? != 0 ] ; then\n    # print error to STDERR\n    echo \"error: The sandbox is not in sync with the Podfile.lock. Run 'pod install' or update your CocoaPods installation.\" >&2\n    exit 1\nfi\n";
			showEnvVarsInLog = 0;
		};
		6CEDBC6F015A06F3DEA3BDF2 /* [CP] Embed Pods Frameworks */ = {
			isa = PBXShellScriptBuildPhase;
			buildActionMask = 2147483647;
			files = (
			);
			inputPaths = (
			);
			name = "[CP] Embed Pods Frameworks";
			outputPaths = (
			);
			runOnlyForDeploymentPostprocessing = 0;
			shellPath = /bin/sh;
			shellScript = "\"${SRCROOT}/Pods/Target Support Files/Pods-YXYNetworkDemo/Pods-YXYNetworkDemo-frameworks.sh\"\n";
			showEnvVarsInLog = 0;
		};
		6E14064A6C478920DCF2A092 /* [CP] Embed Pods Frameworks */ = {
			isa = PBXShellScriptBuildPhase;
			buildActionMask = 2147483647;
			files = (
			);
			inputPaths = (
			);
			name = "[CP] Embed Pods Frameworks";
			outputPaths = (
			);
			runOnlyForDeploymentPostprocessing = 0;
			shellPath = /bin/sh;
			shellScript = "\"${SRCROOT}/Pods/Target Support Files/Pods-YXYNetworkDemoTests/Pods-YXYNetworkDemoTests-frameworks.sh\"\n";
			showEnvVarsInLog = 0;
		};
		7E37001B5F702E20EDA79089 /* [CP] Check Pods Manifest.lock */ = {
			isa = PBXShellScriptBuildPhase;
			buildActionMask = 2147483647;
			files = (
			);
			inputPaths = (
			);
			name = "[CP] Check Pods Manifest.lock";
			outputPaths = (
			);
			runOnlyForDeploymentPostprocessing = 0;
			shellPath = /bin/sh;
			shellScript = "diff \"${PODS_ROOT}/../Podfile.lock\" \"${PODS_ROOT}/Manifest.lock\" > /dev/null\nif [ $? != 0 ] ; then\n    # print error to STDERR\n    echo \"error: The sandbox is not in sync with the Podfile.lock. Run 'pod install' or update your CocoaPods installation.\" >&2\n    exit 1\nfi\n";
			showEnvVarsInLog = 0;
		};
		FB5C950D89613C06130FEFE3 /* [CP] Copy Pods Resources */ = {
			isa = PBXShellScriptBuildPhase;
			buildActionMask = 2147483647;
			files = (
			);
			inputPaths = (
			);
			name = "[CP] Copy Pods Resources";
			outputPaths = (
			);
			runOnlyForDeploymentPostprocessing = 0;
			shellPath = /bin/sh;
			shellScript = "\"${SRCROOT}/Pods/Target Support Files/Pods-YXYNetworkDemoUITests/Pods-YXYNetworkDemoUITests-resources.sh\"\n";
			showEnvVarsInLog = 0;
		};
/* End PBXShellScriptBuildPhase section */

/* Begin PBXSourcesBuildPhase section */
		5BD924C31F131D1400E2EFCC /* Sources */ = {
			isa = PBXSourcesBuildPhase;
			buildActionMask = 2147483647;
			files = (
				5BD924D21F131D1400E2EFCC /* ViewController.m in Sources */,
				5B1EEAF51F132300008AE277 /* YXYNetworkConfig.m in Sources */,
				5B1EEAEF1F1320DD008AE277 /* YXYBaseRequest.m in Sources */,
				5BD924CF1F131D1400E2EFCC /* AppDelegate.m in Sources */,
				5BD924CC1F131D1400E2EFCC /* main.m in Sources */,
				5B1EEAF81F132371008AE277 /* YXYBaseFilter.m in Sources */,
				5B1EEAF21F13224B008AE277 /* YXYNetworkAgent.m in Sources */,
			);
			runOnlyForDeploymentPostprocessing = 0;
		};
		5BD924DC1F131D1400E2EFCC /* Sources */ = {
			isa = PBXSourcesBuildPhase;
			buildActionMask = 2147483647;
			files = (
				5BD924E51F131D1400E2EFCC /* YXYNetworkDemoTests.m in Sources */,
			);
			runOnlyForDeploymentPostprocessing = 0;
		};
		5BD924E71F131D1400E2EFCC /* Sources */ = {
			isa = PBXSourcesBuildPhase;
			buildActionMask = 2147483647;
			files = (
				5BD924F01F131D1400E2EFCC /* YXYNetworkDemoUITests.m in Sources */,
			);
			runOnlyForDeploymentPostprocessing = 0;
		};
/* End PBXSourcesBuildPhase section */

/* Begin PBXTargetDependency section */
		5BD924E21F131D1400E2EFCC /* PBXTargetDependency */ = {
			isa = PBXTargetDependency;
			target = 5BD924C61F131D1400E2EFCC /* YXYNetworkDemo */;
			targetProxy = 5BD924E11F131D1400E2EFCC /* PBXContainerItemProxy */;
		};
		5BD924ED1F131D1400E2EFCC /* PBXTargetDependency */ = {
			isa = PBXTargetDependency;
			target = 5BD924C61F131D1400E2EFCC /* YXYNetworkDemo */;
			targetProxy = 5BD924EC1F131D1400E2EFCC /* PBXContainerItemProxy */;
		};
/* End PBXTargetDependency section */

/* Begin PBXVariantGroup section */
		5BD924D31F131D1400E2EFCC /* Main.storyboard */ = {
			isa = PBXVariantGroup;
			children = (
				5BD924D41F131D1400E2EFCC /* Base */,
			);
			name = Main.storyboard;
			sourceTree = "<group>";
		};
		5BD924D81F131D1400E2EFCC /* LaunchScreen.storyboard */ = {
			isa = PBXVariantGroup;
			children = (
				5BD924D91F131D1400E2EFCC /* Base */,
			);
			name = LaunchScreen.storyboard;
			sourceTree = "<group>";
		};
/* End PBXVariantGroup section */

/* Begin XCBuildConfiguration section */
		5BD924F21F131D1400E2EFCC /* Debug */ = {
			isa = XCBuildConfiguration;
			buildSettings = {
				ALWAYS_SEARCH_USER_PATHS = NO;
				CLANG_ANALYZER_NONNULL = YES;
				CLANG_ANALYZER_NUMBER_OBJECT_CONVERSION = YES_AGGRESSIVE;
				CLANG_CXX_LANGUAGE_STANDARD = "gnu++0x";
				CLANG_CXX_LIBRARY = "libc++";
				CLANG_ENABLE_MODULES = YES;
				CLANG_ENABLE_OBJC_ARC = YES;
				CLANG_WARN_BOOL_CONVERSION = YES;
				CLANG_WARN_CONSTANT_CONVERSION = YES;
				CLANG_WARN_DIRECT_OBJC_ISA_USAGE = YES_ERROR;
				CLANG_WARN_DOCUMENTATION_COMMENTS = YES;
				CLANG_WARN_EMPTY_BODY = YES;
				CLANG_WARN_ENUM_CONVERSION = YES;
				CLANG_WARN_INFINITE_RECURSION = YES;
				CLANG_WARN_INT_CONVERSION = YES;
				CLANG_WARN_OBJC_ROOT_CLASS = YES_ERROR;
				CLANG_WARN_SUSPICIOUS_MOVE = YES;
				CLANG_WARN_UNREACHABLE_CODE = YES;
				CLANG_WARN__DUPLICATE_METHOD_MATCH = YES;
				"CODE_SIGN_IDENTITY[sdk=iphoneos*]" = "iPhone Developer";
				COPY_PHASE_STRIP = NO;
				DEBUG_INFORMATION_FORMAT = dwarf;
				ENABLE_STRICT_OBJC_MSGSEND = YES;
				ENABLE_TESTABILITY = YES;
				GCC_C_LANGUAGE_STANDARD = gnu99;
				GCC_DYNAMIC_NO_PIC = NO;
				GCC_NO_COMMON_BLOCKS = YES;
				GCC_OPTIMIZATION_LEVEL = 0;
				GCC_PREPROCESSOR_DEFINITIONS = (
					"DEBUG=1",
					"$(inherited)",
				);
				GCC_WARN_64_TO_32_BIT_CONVERSION = YES;
				GCC_WARN_ABOUT_RETURN_TYPE = YES_ERROR;
				GCC_WARN_UNDECLARED_SELECTOR = YES;
				GCC_WARN_UNINITIALIZED_AUTOS = YES_AGGRESSIVE;
				GCC_WARN_UNUSED_FUNCTION = YES;
				GCC_WARN_UNUSED_VARIABLE = YES;
				IPHONEOS_DEPLOYMENT_TARGET = 10.3;
				MTL_ENABLE_DEBUG_INFO = YES;
				ONLY_ACTIVE_ARCH = YES;
				SDKROOT = iphoneos;
			};
			name = Debug;
		};
		5BD924F31F131D1400E2EFCC /* Release */ = {
			isa = XCBuildConfiguration;
			buildSettings = {
				ALWAYS_SEARCH_USER_PATHS = NO;
				CLANG_ANALYZER_NONNULL = YES;
				CLANG_ANALYZER_NUMBER_OBJECT_CONVERSION = YES_AGGRESSIVE;
				CLANG_CXX_LANGUAGE_STANDARD = "gnu++0x";
				CLANG_CXX_LIBRARY = "libc++";
				CLANG_ENABLE_MODULES = YES;
				CLANG_ENABLE_OBJC_ARC = YES;
				CLANG_WARN_BOOL_CONVERSION = YES;
				CLANG_WARN_CONSTANT_CONVERSION = YES;
				CLANG_WARN_DIRECT_OBJC_ISA_USAGE = YES_ERROR;
				CLANG_WARN_DOCUMENTATION_COMMENTS = YES;
				CLANG_WARN_EMPTY_BODY = YES;
				CLANG_WARN_ENUM_CONVERSION = YES;
				CLANG_WARN_INFINITE_RECURSION = YES;
				CLANG_WARN_INT_CONVERSION = YES;
				CLANG_WARN_OBJC_ROOT_CLASS = YES_ERROR;
				CLANG_WARN_SUSPICIOUS_MOVE = YES;
				CLANG_WARN_UNREACHABLE_CODE = YES;
				CLANG_WARN__DUPLICATE_METHOD_MATCH = YES;
				"CODE_SIGN_IDENTITY[sdk=iphoneos*]" = "iPhone Developer";
				COPY_PHASE_STRIP = NO;
				DEBUG_INFORMATION_FORMAT = "dwarf-with-dsym";
				ENABLE_NS_ASSERTIONS = NO;
				ENABLE_STRICT_OBJC_MSGSEND = YES;
				GCC_C_LANGUAGE_STANDARD = gnu99;
				GCC_NO_COMMON_BLOCKS = YES;
				GCC_WARN_64_TO_32_BIT_CONVERSION = YES;
				GCC_WARN_ABOUT_RETURN_TYPE = YES_ERROR;
				GCC_WARN_UNDECLARED_SELECTOR = YES;
				GCC_WARN_UNINITIALIZED_AUTOS = YES_AGGRESSIVE;
				GCC_WARN_UNUSED_FUNCTION = YES;
				GCC_WARN_UNUSED_VARIABLE = YES;
				IPHONEOS_DEPLOYMENT_TARGET = 10.3;
				MTL_ENABLE_DEBUG_INFO = NO;
				SDKROOT = iphoneos;
				VALIDATE_PRODUCT = YES;
			};
			name = Release;
		};
		5BD924F51F131D1400E2EFCC /* Debug */ = {
			isa = XCBuildConfiguration;
			baseConfigurationReference = 32DF4A347A22075211DDBFD2 /* Pods-YXYNetworkDemo.debug.xcconfig */;
			buildSettings = {
				ASSETCATALOG_COMPILER_APPICON_NAME = AppIcon;
				DEVELOPMENT_TEAM = 55F5T35K6E;
				INFOPLIST_FILE = YXYNetworkDemo/Info.plist;
				IPHONEOS_DEPLOYMENT_TARGET = 8.0;
				LD_RUNPATH_SEARCH_PATHS = "$(inherited) @executable_path/Frameworks";
				PRODUCT_BUNDLE_IDENTIFIER = dw.YXYNetworkDemo;
				PRODUCT_NAME = "$(TARGET_NAME)";
			};
			name = Debug;
		};
		5BD924F61F131D1400E2EFCC /* Release */ = {
			isa = XCBuildConfiguration;
			baseConfigurationReference = 2CC09CA717B586CBC9EBF9E6 /* Pods-YXYNetworkDemo.release.xcconfig */;
			buildSettings = {
				ASSETCATALOG_COMPILER_APPICON_NAME = AppIcon;
				DEVELOPMENT_TEAM = 55F5T35K6E;
				INFOPLIST_FILE = YXYNetworkDemo/Info.plist;
				IPHONEOS_DEPLOYMENT_TARGET = 8.0;
				LD_RUNPATH_SEARCH_PATHS = "$(inherited) @executable_path/Frameworks";
				PRODUCT_BUNDLE_IDENTIFIER = dw.YXYNetworkDemo;
				PRODUCT_NAME = "$(TARGET_NAME)";
			};
			name = Release;
		};
		5BD924F81F131D1400E2EFCC /* Debug */ = {
			isa = XCBuildConfiguration;
			baseConfigurationReference = 1A231E8A0F9245536064EBF2 /* Pods-YXYNetworkDemoTests.debug.xcconfig */;
			buildSettings = {
				BUNDLE_LOADER = "$(TEST_HOST)";
				DEVELOPMENT_TEAM = 55F5T35K6E;
				INFOPLIST_FILE = YXYNetworkDemoTests/Info.plist;
				LD_RUNPATH_SEARCH_PATHS = "$(inherited) @executable_path/Frameworks @loader_path/Frameworks";
				PRODUCT_BUNDLE_IDENTIFIER = dw.YXYNetworkDemoTests;
				PRODUCT_NAME = "$(TARGET_NAME)";
				TEST_HOST = "$(BUILT_PRODUCTS_DIR)/YXYNetworkDemo.app/YXYNetworkDemo";
			};
			name = Debug;
		};
		5BD924F91F131D1400E2EFCC /* Release */ = {
			isa = XCBuildConfiguration;
			baseConfigurationReference = F211DD387114DD590C2C0F5D /* Pods-YXYNetworkDemoTests.release.xcconfig */;
			buildSettings = {
				BUNDLE_LOADER = "$(TEST_HOST)";
				DEVELOPMENT_TEAM = 55F5T35K6E;
				INFOPLIST_FILE = YXYNetworkDemoTests/Info.plist;
				LD_RUNPATH_SEARCH_PATHS = "$(inherited) @executable_path/Frameworks @loader_path/Frameworks";
				PRODUCT_BUNDLE_IDENTIFIER = dw.YXYNetworkDemoTests;
				PRODUCT_NAME = "$(TARGET_NAME)";
				TEST_HOST = "$(BUILT_PRODUCTS_DIR)/YXYNetworkDemo.app/YXYNetworkDemo";
			};
			name = Release;
		};
		5BD924FB1F131D1400E2EFCC /* Debug */ = {
			isa = XCBuildConfiguration;
			baseConfigurationReference = F13CB538D2C2A674965D2F58 /* Pods-YXYNetworkDemoUITests.debug.xcconfig */;
			buildSettings = {
				DEVELOPMENT_TEAM = 55F5T35K6E;
				INFOPLIST_FILE = YXYNetworkDemoUITests/Info.plist;
				LD_RUNPATH_SEARCH_PATHS = "$(inherited) @executable_path/Frameworks @loader_path/Frameworks";
				PRODUCT_BUNDLE_IDENTIFIER = dw.YXYNetworkDemoUITests;
				PRODUCT_NAME = "$(TARGET_NAME)";
				TEST_TARGET_NAME = YXYNetworkDemo;
			};
			name = Debug;
		};
		5BD924FC1F131D1400E2EFCC /* Release */ = {
			isa = XCBuildConfiguration;
			baseConfigurationReference = 716439F96FB2736E06A7A97E /* Pods-YXYNetworkDemoUITests.release.xcconfig */;
			buildSettings = {
				DEVELOPMENT_TEAM = 55F5T35K6E;
				INFOPLIST_FILE = YXYNetworkDemoUITests/Info.plist;
				LD_RUNPATH_SEARCH_PATHS = "$(inherited) @executable_path/Frameworks @loader_path/Frameworks";
				PRODUCT_BUNDLE_IDENTIFIER = dw.YXYNetworkDemoUITests;
				PRODUCT_NAME = "$(TARGET_NAME)";
				TEST_TARGET_NAME = YXYNetworkDemo;
			};
			name = Release;
		};
/* End XCBuildConfiguration section */

/* Begin XCConfigurationList section */
		5BD924C21F131D1400E2EFCC /* Build configuration list for PBXProject "YXYNetworkDemo" */ = {
			isa = XCConfigurationList;
			buildConfigurations = (
				5BD924F21F131D1400E2EFCC /* Debug */,
				5BD924F31F131D1400E2EFCC /* Release */,
			);
			defaultConfigurationIsVisible = 0;
			defaultConfigurationName = Release;
		};
		5BD924F41F131D1400E2EFCC /* Build configuration list for PBXNativeTarget "YXYNetworkDemo" */ = {
			isa = XCConfigurationList;
			buildConfigurations = (
				5BD924F51F131D1400E2EFCC /* Debug */,
				5BD924F61F131D1400E2EFCC /* Release */,
			);
			defaultConfigurationIsVisible = 0;
			defaultConfigurationName = Release;
		};
		5BD924F71F131D1400E2EFCC /* Build configuration list for PBXNativeTarget "YXYNetworkDemoTests" */ = {
			isa = XCConfigurationList;
			buildConfigurations = (
				5BD924F81F131D1400E2EFCC /* Debug */,
				5BD924F91F131D1400E2EFCC /* Release */,
			);
			defaultConfigurationIsVisible = 0;
			defaultConfigurationName = Release;
		};
		5BD924FA1F131D1400E2EFCC /* Build configuration list for PBXNativeTarget "YXYNetworkDemoUITests" */ = {
			isa = XCConfigurationList;
			buildConfigurations = (
				5BD924FB1F131D1400E2EFCC /* Debug */,
				5BD924FC1F131D1400E2EFCC /* Release */,
			);
			defaultConfigurationIsVisible = 0;
			defaultConfigurationName = Release;
		};
/* End XCConfigurationList section */
	};
	rootObject = 5BD924BF1F131D1400E2EFCC /* Project object */;
}
